// !$*UTF8*$!
{
	archiveVersion = 1;
	classes = {
	};
	objectVersion = 50;
	objects = {

/* Begin PBXBuildFile section */
		B9E1DB14241BEF9F0069DA51 /* AppDelegate.swift in Sources */ = {isa = PBXBuildFile; fileRef = B9E1DB13241BEF9F0069DA51 /* AppDelegate.swift */; };
		B9E1DB16241BEF9F0069DA51 /* SceneDelegate.swift in Sources */ = {isa = PBXBuildFile; fileRef = B9E1DB15241BEF9F0069DA51 /* SceneDelegate.swift */; };
		B9E1DB18241BEF9F0069DA51 /* ViewController.swift in Sources */ = {isa = PBXBuildFile; fileRef = B9E1DB17241BEF9F0069DA51 /* ViewController.swift */; };
		B9E1DB1B241BEF9F0069DA51 /* Main.storyboard in Resources */ = {isa = PBXBuildFile; fileRef = B9E1DB19241BEF9F0069DA51 /* Main.storyboard */; };
		B9E1DB1D241BEFA00069DA51 /* Assets.xcassets in Resources */ = {isa = PBXBuildFile; fileRef = B9E1DB1C241BEFA00069DA51 /* Assets.xcassets */; };
		B9E1DB20241BEFA00069DA51 /* LaunchScreen.storyboard in Resources */ = {isa = PBXBuildFile; fileRef = B9E1DB1E241BEFA00069DA51 /* LaunchScreen.storyboard */; };
		B9E1DB28241BF1AB0069DA51 /* pythag.storyboard in Resources */ = {isa = PBXBuildFile; fileRef = B9E1DB27241BF1AB0069DA51 /* pythag.storyboard */; };
		B9E1DB2A241BF2D70069DA51 /* PythagViewController.swift in Sources */ = {isa = PBXBuildFile; fileRef = B9E1DB29241BF2D70069DA51 /* PythagViewController.swift */; };
		B9E1DB2C241BF7580069DA51 /* square.storyboard in Resources */ = {isa = PBXBuildFile; fileRef = B9E1DB2B241BF7580069DA51 /* square.storyboard */; };
		B9E1DB2E241BF78B0069DA51 /* SquareViewController.swift in Sources */ = {isa = PBXBuildFile; fileRef = B9E1DB2D241BF78B0069DA51 /* SquareViewController.swift */; };
		D8090E36241D7C0900CFFC8F /* translator.storyboard in Resources */ = {isa = PBXBuildFile; fileRef = D8090E35241D7C0900CFFC8F /* translator.storyboard */; };
		D8090E38241D7CC300CFFC8F /* translatorViewController.swift in Sources */ = {isa = PBXBuildFile; fileRef = D8090E37241D7CC300CFFC8F /* translatorViewController.swift */; };
		D8090E40241D80B600CFFC8F /* translate.c in Sources */ = {isa = PBXBuildFile; fileRef = D8090E3F241D80B600CFFC8F /* translate.c */; };
		D8090E42242066CB00CFFC8F /* calculator.storyboard in Resources */ = {isa = PBXBuildFile; fileRef = D8090E41242066CB00CFFC8F /* calculator.storyboard */; };
		D8090E442420687700CFFC8F /* calculatorViewController.swift in Sources */ = {isa = PBXBuildFile; fileRef = D8090E432420687700CFFC8F /* calculatorViewController.swift */; };
		D844A0DC24316E3C004358BD /* anagrams.storyboard in Resources */ = {isa = PBXBuildFile; fileRef = D844A0DB24316E3C004358BD /* anagrams.storyboard */; };
		D844A0DE24317004004358BD /* anagrams.swift in Sources */ = {isa = PBXBuildFile; fileRef = D844A0DD24317004004358BD /* anagrams.swift */; };
		D844A0E0243171BC004358BD /* sevenLetters.txt in Resources */ = {isa = PBXBuildFile; fileRef = D844A0DF243171BC004358BD /* sevenLetters.txt */; };
		D844A0E22431A897004358BD /* dictionarySix.txt in Resources */ = {isa = PBXBuildFile; fileRef = D844A0E12431A896004358BD /* dictionarySix.txt */; };
		D8B4B45824217ACB003B659A /* hangman.storyboard in Resources */ = {isa = PBXBuildFile; fileRef = D8B4B45724217ACB003B659A /* hangman.storyboard */; };
		D8B4B45A24218249003B659A /* hangmanViewController.swift in Sources */ = {isa = PBXBuildFile; fileRef = D8B4B45924218249003B659A /* hangmanViewController.swift */; };
		D8B4B45C2426D432003B659A /* wordlist.txt in Resources */ = {isa = PBXBuildFile; fileRef = D8B4B45B2426D432003B659A /* wordlist.txt */; };
/* End PBXBuildFile section */

/* Begin PBXFileReference section */
		B9E1DB10241BEF9F0069DA51 /* swiftApp.app */ = {isa = PBXFileReference; explicitFileType = wrapper.application; includeInIndex = 0; path = swiftApp.app; sourceTree = BUILT_PRODUCTS_DIR; };
		B9E1DB13241BEF9F0069DA51 /* AppDelegate.swift */ = {isa = PBXFileReference; lastKnownFileType = sourcecode.swift; path = AppDelegate.swift; sourceTree = "<group>"; };
		B9E1DB15241BEF9F0069DA51 /* SceneDelegate.swift */ = {isa = PBXFileReference; lastKnownFileType = sourcecode.swift; path = SceneDelegate.swift; sourceTree = "<group>"; };
		B9E1DB17241BEF9F0069DA51 /* ViewController.swift */ = {isa = PBXFileReference; lastKnownFileType = sourcecode.swift; path = ViewController.swift; sourceTree = "<group>"; };
		B9E1DB1A241BEF9F0069DA51 /* Base */ = {isa = PBXFileReference; lastKnownFileType = file.storyboard; name = Base; path = Base.lproj/Main.storyboard; sourceTree = "<group>"; };
		B9E1DB1C241BEFA00069DA51 /* Assets.xcassets */ = {isa = PBXFileReference; lastKnownFileType = folder.assetcatalog; path = Assets.xcassets; sourceTree = "<group>"; };
		B9E1DB1F241BEFA00069DA51 /* Base */ = {isa = PBXFileReference; lastKnownFileType = file.storyboard; name = Base; path = Base.lproj/LaunchScreen.storyboard; sourceTree = "<group>"; };
		B9E1DB21241BEFA00069DA51 /* Info.plist */ = {isa = PBXFileReference; lastKnownFileType = text.plist.xml; path = Info.plist; sourceTree = "<group>"; };
		B9E1DB27241BF1AB0069DA51 /* pythag.storyboard */ = {isa = PBXFileReference; lastKnownFileType = file.storyboard; path = pythag.storyboard; sourceTree = "<group>"; };
		B9E1DB29241BF2D70069DA51 /* PythagViewController.swift */ = {isa = PBXFileReference; lastKnownFileType = sourcecode.swift; path = PythagViewController.swift; sourceTree = "<group>"; };
		B9E1DB2B241BF7580069DA51 /* square.storyboard */ = {isa = PBXFileReference; lastKnownFileType = file.storyboard; path = square.storyboard; sourceTree = "<group>"; };
		B9E1DB2D241BF78B0069DA51 /* SquareViewController.swift */ = {isa = PBXFileReference; lastKnownFileType = sourcecode.swift; path = SquareViewController.swift; sourceTree = "<group>"; };
		D8090E35241D7C0900CFFC8F /* translator.storyboard */ = {isa = PBXFileReference; lastKnownFileType = file.storyboard; path = translator.storyboard; sourceTree = "<group>"; };
		D8090E37241D7CC300CFFC8F /* translatorViewController.swift */ = {isa = PBXFileReference; lastKnownFileType = sourcecode.swift; path = translatorViewController.swift; sourceTree = "<group>"; };
		D8090E3B241D7F5100CFFC8F /* swiftApp-Bridging-Header.h */ = {isa = PBXFileReference; lastKnownFileType = sourcecode.c.h; path = "swiftApp-Bridging-Header.h"; sourceTree = "<group>"; };
		D8090E3E241D80B600CFFC8F /* translate.h */ = {isa = PBXFileReference; lastKnownFileType = sourcecode.c.h; path = translate.h; sourceTree = "<group>"; };
		D8090E3F241D80B600CFFC8F /* translate.c */ = {isa = PBXFileReference; lastKnownFileType = sourcecode.c.c; path = translate.c; sourceTree = "<group>"; };
		D8090E41242066CB00CFFC8F /* calculator.storyboard */ = {isa = PBXFileReference; lastKnownFileType = file.storyboard; path = calculator.storyboard; sourceTree = "<group>"; };
		D8090E432420687700CFFC8F /* calculatorViewController.swift */ = {isa = PBXFileReference; lastKnownFileType = sourcecode.swift; path = calculatorViewController.swift; sourceTree = "<group>"; };
		D844A0DB24316E3C004358BD /* anagrams.storyboard */ = {isa = PBXFileReference; lastKnownFileType = file.storyboard; path = anagrams.storyboard; sourceTree = "<group>"; };
		D844A0DD24317004004358BD /* anagrams.swift */ = {isa = PBXFileReference; lastKnownFileType = sourcecode.swift; path = anagrams.swift; sourceTree = "<group>"; };
		D844A0DF243171BC004358BD /* sevenLetters.txt */ = {isa = PBXFileReference; fileEncoding = 4; lastKnownFileType = text; path = sevenLetters.txt; sourceTree = "<group>"; };
		D844A0E12431A896004358BD /* dictionarySix.txt */ = {isa = PBXFileReference; fileEncoding = 4; lastKnownFileType = text; path = dictionarySix.txt; sourceTree = "<group>"; };
		D8B4B45724217ACB003B659A /* hangman.storyboard */ = {isa = PBXFileReference; lastKnownFileType = file.storyboard; path = hangman.storyboard; sourceTree = "<group>"; };
		D8B4B45924218249003B659A /* hangmanViewController.swift */ = {isa = PBXFileReference; lastKnownFileType = sourcecode.swift; path = hangmanViewController.swift; sourceTree = "<group>"; };
		D8B4B45B2426D432003B659A /* wordlist.txt */ = {isa = PBXFileReference; fileEncoding = 4; lastKnownFileType = text; path = wordlist.txt; sourceTree = "<group>"; };
/* End PBXFileReference section */

/* Begin PBXFrameworksBuildPhase section */
		B9E1DB0D241BEF9F0069DA51 /* Frameworks */ = {
			isa = PBXFrameworksBuildPhase;
			buildActionMask = 2147483647;
			files = (
			);
			runOnlyForDeploymentPostprocessing = 0;
		};
/* End PBXFrameworksBuildPhase section */

/* Begin PBXGroup section */
		B9E1DB07241BEF9E0069DA51 = {
			isa = PBXGroup;
			children = (
				B9E1DB12241BEF9F0069DA51 /* swiftApp */,
				B9E1DB11241BEF9F0069DA51 /* Products */,
			);
			sourceTree = "<group>";
		};
		B9E1DB11241BEF9F0069DA51 /* Products */ = {
			isa = PBXGroup;
			children = (
				B9E1DB10241BEF9F0069DA51 /* swiftApp.app */,
			);
			name = Products;
			sourceTree = "<group>";
		};
		B9E1DB12241BEF9F0069DA51 /* swiftApp */ = {
			isa = PBXGroup;
			children = (
				D8090E39241D7F1100CFFC8F /* Controls */,
				D8090E34241D726900CFFC8F /* ViewControllers */,
				B9E1DB2F241BFC230069DA51 /* Views */,
				B9E1DB13241BEF9F0069DA51 /* AppDelegate.swift */,
				B9E1DB15241BEF9F0069DA51 /* SceneDelegate.swift */,
				B9E1DB17241BEF9F0069DA51 /* ViewController.swift */,
				B9E1DB1C241BEFA00069DA51 /* Assets.xcassets */,
				B9E1DB21241BEFA00069DA51 /* Info.plist */,
			);
			path = swiftApp;
			sourceTree = "<group>";
		};
		B9E1DB2F241BFC230069DA51 /* Views */ = {
			isa = PBXGroup;
			children = (
				B9E1DB1E241BEFA00069DA51 /* LaunchScreen.storyboard */,
				B9E1DB19241BEF9F0069DA51 /* Main.storyboard */,
				B9E1DB27241BF1AB0069DA51 /* pythag.storyboard */,
				B9E1DB2B241BF7580069DA51 /* square.storyboard */,
				D8090E35241D7C0900CFFC8F /* translator.storyboard */,
				D8090E41242066CB00CFFC8F /* calculator.storyboard */,
				D8B4B45724217ACB003B659A /* hangman.storyboard */,
				D844A0DB24316E3C004358BD /* anagrams.storyboard */,
			);
			path = Views;
			sourceTree = "<group>";
		};
		D8090E34241D726900CFFC8F /* ViewControllers */ = {
			isa = PBXGroup;
			children = (
				B9E1DB2D241BF78B0069DA51 /* SquareViewController.swift */,
				B9E1DB29241BF2D70069DA51 /* PythagViewController.swift */,
				D8090E37241D7CC300CFFC8F /* translatorViewController.swift */,
				D8090E432420687700CFFC8F /* calculatorViewController.swift */,
				D8B4B45924218249003B659A /* hangmanViewController.swift */,
				D844A0DD24317004004358BD /* anagrams.swift */,
				D8B4B45B2426D432003B659A /* wordlist.txt */,
				D844A0DF243171BC004358BD /* sevenLetters.txt */,
				D844A0E12431A896004358BD /* dictionarySix.txt */,
			);
			path = ViewControllers;
			sourceTree = "<group>";
		};
		D8090E39241D7F1100CFFC8F /* Controls */ = {
			isa = PBXGroup;
			children = (
				D8090E3E241D80B600CFFC8F /* translate.h */,
				D8090E3F241D80B600CFFC8F /* translate.c */,
				D8090E3B241D7F5100CFFC8F /* swiftApp-Bridging-Header.h */,
			);
			path = Controls;
			sourceTree = "<group>";
		};
/* End PBXGroup section */

/* Begin PBXNativeTarget section */
		B9E1DB0F241BEF9F0069DA51 /* swiftApp */ = {
			isa = PBXNativeTarget;
			buildConfigurationList = B9E1DB24241BEFA00069DA51 /* Build configuration list for PBXNativeTarget "swiftApp" */;
			buildPhases = (
				B9E1DB0C241BEF9F0069DA51 /* Sources */,
				B9E1DB0D241BEF9F0069DA51 /* Frameworks */,
				B9E1DB0E241BEF9F0069DA51 /* Resources */,
			);
			buildRules = (
			);
			dependencies = (
			);
			name = swiftApp;
			productName = swiftApp;
			productReference = B9E1DB10241BEF9F0069DA51 /* swiftApp.app */;
			productType = "com.apple.product-type.application";
		};
/* End PBXNativeTarget section */

/* Begin PBXProject section */
		B9E1DB08241BEF9E0069DA51 /* Project object */ = {
			isa = PBXProject;
			attributes = {
				LastSwiftUpdateCheck = 1130;
				LastUpgradeCheck = 1130;
				ORGANIZATIONNAME = "Cherian, Nathaniel";
				TargetAttributes = {
					B9E1DB0F241BEF9F0069DA51 = {
						CreatedOnToolsVersion = 11.3.1;
						LastSwiftMigration = 1130;
					};
				};
			};
			buildConfigurationList = B9E1DB0B241BEF9E0069DA51 /* Build configuration list for PBXProject "swiftApp" */;
			compatibilityVersion = "Xcode 9.3";
			developmentRegion = en;
			hasScannedForEncodings = 0;
			knownRegions = (
				en,
				Base,
			);
			mainGroup = B9E1DB07241BEF9E0069DA51;
			productRefGroup = B9E1DB11241BEF9F0069DA51 /* Products */;
			projectDirPath = "";
			projectRoot = "";
			targets = (
				B9E1DB0F241BEF9F0069DA51 /* swiftApp */,
			);
		};
/* End PBXProject section */

/* Begin PBXResourcesBuildPhase section */
		B9E1DB0E241BEF9F0069DA51 /* Resources */ = {
			isa = PBXResourcesBuildPhase;
			buildActionMask = 2147483647;
			files = (
				D8090E36241D7C0900CFFC8F /* translator.storyboard in Resources */,
				D844A0E22431A897004358BD /* dictionarySix.txt in Resources */,
				B9E1DB20241BEFA00069DA51 /* LaunchScreen.storyboard in Resources */,
				B9E1DB2C241BF7580069DA51 /* square.storyboard in Resources */,
				D844A0E0243171BC004358BD /* sevenLetters.txt in Resources */,
				D8B4B45824217ACB003B659A /* hangman.storyboard in Resources */,
				B9E1DB28241BF1AB0069DA51 /* pythag.storyboard in Resources */,
				B9E1DB1D241BEFA00069DA51 /* Assets.xcassets in Resources */,
				D8090E42242066CB00CFFC8F /* calculator.storyboard in Resources */,
				D8B4B45C2426D432003B659A /* wordlist.txt in Resources */,
				D844A0DC24316E3C004358BD /* anagrams.storyboard in Resources */,
				B9E1DB1B241BEF9F0069DA51 /* Main.storyboard in Resources */,
			);
			runOnlyForDeploymentPostprocessing = 0;
		};
/* End PBXResourcesBuildPhase section */

/* Begin PBXSourcesBuildPhase section */
		B9E1DB0C241BEF9F0069DA51 /* Sources */ = {
			isa = PBXSourcesBuildPhase;
			buildActionMask = 2147483647;
			files = (
				B9E1DB18241BEF9F0069DA51 /* ViewController.swift in Sources */,
				D8090E40241D80B600CFFC8F /* translate.c in Sources */,
				B9E1DB2A241BF2D70069DA51 /* PythagViewController.swift in Sources */,
				B9E1DB14241BEF9F0069DA51 /* AppDelegate.swift in Sources */,
				B9E1DB2E241BF78B0069DA51 /* SquareViewController.swift in Sources */,
				D844A0DE24317004004358BD /* anagrams.swift in Sources */,
				D8090E442420687700CFFC8F /* calculatorViewController.swift in Sources */,
				D8B4B45A24218249003B659A /* hangmanViewController.swift in Sources */,
				D8090E38241D7CC300CFFC8F /* translatorViewController.swift in Sources */,
				B9E1DB16241BEF9F0069DA51 /* SceneDelegate.swift in Sources */,
			);
			runOnlyForDeploymentPostprocessing = 0;
		};
/* End PBXSourcesBuildPhase section */

/* Begin PBXVariantGroup section */
		B9E1DB19241BEF9F0069DA51 /* Main.storyboard */ = {
			isa = PBXVariantGroup;
			children = (
				B9E1DB1A241BEF9F0069DA51 /* Base */,
			);
			name = Main.storyboard;
			sourceTree = "<group>";
		};
		B9E1DB1E241BEFA00069DA51 /* LaunchScreen.storyboard */ = {
			isa = PBXVariantGroup;
			children = (
				B9E1DB1F241BEFA00069DA51 /* Base */,
			);
			name = LaunchScreen.storyboard;
			sourceTree = "<group>";
		};
/* End PBXVariantGroup section */

/* Begin XCBuildConfiguration section */
		B9E1DB22241BEFA00069DA51 /* Debug */ = {
			isa = XCBuildConfiguration;
			buildSettings = {
				ALWAYS_SEARCH_USER_PATHS = NO;
				CLANG_ANALYZER_NONNULL = YES;
				CLANG_ANALYZER_NUMBER_OBJECT_CONVERSION = YES_AGGRESSIVE;
				CLANG_CXX_LANGUAGE_STANDARD = "gnu++14";
				CLANG_CXX_LIBRARY = "libc++";
				CLANG_ENABLE_MODULES = YES;
				CLANG_ENABLE_OBJC_ARC = YES;
				CLANG_ENABLE_OBJC_WEAK = YES;
				CLANG_WARN_BLOCK_CAPTURE_AUTORELEASING = YES;
				CLANG_WARN_BOOL_CONVERSION = YES;
				CLANG_WARN_COMMA = YES;
				CLANG_WARN_CONSTANT_CONVERSION = YES;
				CLANG_WARN_DEPRECATED_OBJC_IMPLEMENTATIONS = YES;
				CLANG_WARN_DIRECT_OBJC_ISA_USAGE = YES_ERROR;
				CLANG_WARN_DOCUMENTATION_COMMENTS = YES;
				CLANG_WARN_EMPTY_BODY = YES;
				CLANG_WARN_ENUM_CONVERSION = YES;
				CLANG_WARN_INFINITE_RECURSION = YES;
				CLANG_WARN_INT_CONVERSION = YES;
				CLANG_WARN_NON_LITERAL_NULL_CONVERSION = YES;
				CLANG_WARN_OBJC_IMPLICIT_RETAIN_SELF = YES;
				CLANG_WARN_OBJC_LITERAL_CONVERSION = YES;
				CLANG_WARN_OBJC_ROOT_CLASS = YES_ERROR;
				CLANG_WARN_RANGE_LOOP_ANALYSIS = YES;
				CLANG_WARN_STRICT_PROTOTYPES = YES;
				CLANG_WARN_SUSPICIOUS_MOVE = YES;
				CLANG_WARN_UNGUARDED_AVAILABILITY = YES_AGGRESSIVE;
				CLANG_WARN_UNREACHABLE_CODE = YES;
				CLANG_WARN__DUPLICATE_METHOD_MATCH = YES;
				COPY_PHASE_STRIP = NO;
				DEBUG_INFORMATION_FORMAT = dwarf;
				ENABLE_STRICT_OBJC_MSGSEND = YES;
				ENABLE_TESTABILITY = YES;
				GCC_C_LANGUAGE_STANDARD = gnu11;
				GCC_DYNAMIC_NO_PIC = NO;
				GCC_NO_COMMON_BLOCKS = YES;
				GCC_OPTIMIZATION_LEVEL = 0;
				GCC_PREPROCESSOR_DEFINITIONS = (
					"DEBUG=1",
					"$(inherited)",
				);
				GCC_WARN_64_TO_32_BIT_CONVERSION = YES;
				GCC_WARN_ABOUT_RETURN_TYPE = YES_ERROR;
				GCC_WARN_UNDECLARED_SELECTOR = YES;
				GCC_WARN_UNINITIALIZED_AUTOS = YES_AGGRESSIVE;
				GCC_WARN_UNUSED_FUNCTION = YES;
				GCC_WARN_UNUSED_VARIABLE = YES;
				IPHONEOS_DEPLOYMENT_TARGET = 13.2;
				MTL_ENABLE_DEBUG_INFO = INCLUDE_SOURCE;
				MTL_FAST_MATH = YES;
				ONLY_ACTIVE_ARCH = YES;
				SDKROOT = iphoneos;
				SWIFT_ACTIVE_COMPILATION_CONDITIONS = DEBUG;
				SWIFT_OPTIMIZATION_LEVEL = "-Onone";
			};
			name = Debug;
		};
		B9E1DB23241BEFA00069DA51 /* Release */ = {
			isa = XCBuildConfiguration;
			buildSettings = {
				ALWAYS_SEARCH_USER_PATHS = NO;
				CLANG_ANALYZER_NONNULL = YES;
				CLANG_ANALYZER_NUMBER_OBJECT_CONVERSION = YES_AGGRESSIVE;
				CLANG_CXX_LANGUAGE_STANDARD = "gnu++14";
				CLANG_CXX_LIBRARY = "libc++";
				CLANG_ENABLE_MODULES = YES;
				CLANG_ENABLE_OBJC_ARC = YES;
				CLANG_ENABLE_OBJC_WEAK = YES;
				CLANG_WARN_BLOCK_CAPTURE_AUTORELEASING = YES;
				CLANG_WARN_BOOL_CONVERSION = YES;
				CLANG_WARN_COMMA = YES;
				CLANG_WARN_CONSTANT_CONVERSION = YES;
				CLANG_WARN_DEPRECATED_OBJC_IMPLEMENTATIONS = YES;
				CLANG_WARN_DIRECT_OBJC_ISA_USAGE = YES_ERROR;
				CLANG_WARN_DOCUMENTATION_COMMENTS = YES;
				CLANG_WARN_EMPTY_BODY = YES;
				CLANG_WARN_ENUM_CONVERSION = YES;
				CLANG_WARN_INFINITE_RECURSION = YES;
				CLANG_WARN_INT_CONVERSION = YES;
				CLANG_WARN_NON_LITERAL_NULL_CONVERSION = YES;
				CLANG_WARN_OBJC_IMPLICIT_RETAIN_SELF = YES;
				CLANG_WARN_OBJC_LITERAL_CONVERSION = YES;
				CLANG_WARN_OBJC_ROOT_CLASS = YES_ERROR;
				CLANG_WARN_RANGE_LOOP_ANALYSIS = YES;
				CLANG_WARN_STRICT_PROTOTYPES = YES;
				CLANG_WARN_SUSPICIOUS_MOVE = YES;
				CLANG_WARN_UNGUARDED_AVAILABILITY = YES_AGGRESSIVE;
				CLANG_WARN_UNREACHABLE_CODE = YES;
				CLANG_WARN__DUPLICATE_METHOD_MATCH = YES;
				COPY_PHASE_STRIP = NO;
				DEBUG_INFORMATION_FORMAT = "dwarf-with-dsym";
				ENABLE_NS_ASSERTIONS = NO;
				ENABLE_STRICT_OBJC_MSGSEND = YES;
				GCC_C_LANGUAGE_STANDARD = gnu11;
				GCC_NO_COMMON_BLOCKS = YES;
				GCC_WARN_64_TO_32_BIT_CONVERSION = YES;
				GCC_WARN_ABOUT_RETURN_TYPE = YES_ERROR;
				GCC_WARN_UNDECLARED_SELECTOR = YES;
				GCC_WARN_UNINITIALIZED_AUTOS = YES_AGGRESSIVE;
				GCC_WARN_UNUSED_FUNCTION = YES;
				GCC_WARN_UNUSED_VARIABLE = YES;
				IPHONEOS_DEPLOYMENT_TARGET = 13.2;
				MTL_ENABLE_DEBUG_INFO = NO;
				MTL_FAST_MATH = YES;
				SDKROOT = iphoneos;
				SWIFT_COMPILATION_MODE = wholemodule;
				SWIFT_OPTIMIZATION_LEVEL = "-O";
				VALIDATE_PRODUCT = YES;
			};
			name = Release;
		};
		B9E1DB25241BEFA00069DA51 /* Debug */ = {
			isa = XCBuildConfiguration;
			buildSettings = {
				ASSETCATALOG_COMPILER_APPICON_NAME = AppIcon;
				CLANG_ENABLE_MODULES = YES;
				CODE_SIGN_STYLE = Automatic;
				DEVELOPMENT_TEAM = H7BNW842H4;
				INFOPLIST_FILE = swiftApp/Info.plist;
				LD_RUNPATH_SEARCH_PATHS = (
					"$(inherited)",
					"@executable_path/Frameworks",
				);
				PRODUCT_BUNDLE_IDENTIFIER = nathaniel.swiftApp;
				PRODUCT_NAME = "$(TARGET_NAME)";
				SWIFT_OBJC_BRIDGING_HEADER = "swiftApp/Controls/swiftApp-Bridging-Header.h";
				SWIFT_OPTIMIZATION_LEVEL = "-Onone";
				SWIFT_VERSION = 5.0;
				TARGETED_DEVICE_FAMILY = "1,2";
			};
			name = Debug;
		};
		B9E1DB26241BEFA00069DA51 /* Release */ = {
			isa = XCBuildConfiguration;
			buildSettings = {
				ASSETCATALOG_COMPILER_APPICON_NAME = AppIcon;
				CLANG_ENABLE_MODULES = YES;
				CODE_SIGN_STYLE = Automatic;
				DEVELOPMENT_TEAM = H7BNW842H4;
				INFOPLIST_FILE = swiftApp/Info.plist;
				LD_RUNPATH_SEARCH_PATHS = (
					"$(inherited)",
					"@executable_path/Frameworks",
				);
				PRODUCT_BUNDLE_IDENTIFIER = nathaniel.swiftApp;
				PRODUCT_NAME = "$(TARGET_NAME)";
				SWIFT_OBJC_BRIDGING_HEADER = "swiftApp/Controls/swiftApp-Bridging-Header.h";
				SWIFT_VERSION = 5.0;
				TARGETED_DEVICE_FAMILY = "1,2";
			};
			name = Release;
		};
/* End XCBuildConfiguration section */

/* Begin XCConfigurationList section */
		B9E1DB0B241BEF9E0069DA51 /* Build configuration list for PBXProject "swiftApp" */ = {
			isa = XCConfigurationList;
			buildConfigurations = (
				B9E1DB22241BEFA00069DA51 /* Debug */,
				B9E1DB23241BEFA00069DA51 /* Release */,
			);
			defaultConfigurationIsVisible = 0;
			defaultConfigurationName = Release;
		};
		B9E1DB24241BEFA00069DA51 /* Build configuration list for PBXNativeTarget "swiftApp" */ = {
			isa = XCConfigurationList;
			buildConfigurations = (
				B9E1DB25241BEFA00069DA51 /* Debug */,
				B9E1DB26241BEFA00069DA51 /* Release */,
			);
			defaultConfigurationIsVisible = 0;
			defaultConfigurationName = Release;
		};
/* End XCConfigurationList section */
	};
	rootObject = B9E1DB08241BEF9E0069DA51 /* Project object */;
}
